
Microsoft Visual Studio Solution File, Format Version 12.00
# Visual Studio Version 16
VisualStudioVersion = 16.0.31624.102
MinimumVisualStudioVersion = 10.0.40219.1
Project("{FAE04EC0-301F-11D3-BF4B-00C04F79EFBC}") = "MordochkaRom", "MordochkaRom\MordochkaRom.csproj", "{603C57FA-0E64-4659-827A-3CA4E00AC3EA}"
EndProject
Global
	GlobalSection(SolutionConfigurationPlatforms) = preSolution
		Debug|Any CPU = Debug|Any CPU
		Release|Any CPU = Release|Any CPU
	EndGlobalSection
	GlobalSection(ProjectConfigurationPlatforms) = postSolution
		{603C57FA-0E64-4659-827A-3CA4E00AC3EA}.Debug|Any CPU.ActiveCfg = Debug|Any CPU
		{603C57FA-0E64-4659-827A-3CA4E00AC3EA}.Debug|Any CPU.Build.0 = Debug|Any CPU
		{603C57FA-0E64-4659-827A-3CA4E00AC3EA}.Release|Any CPU.ActiveCfg = Release|Any CPU
		{603C57FA-0E64-4659-827A-3CA4E00AC3EA}.Release|Any CPU.Build.0 = Release|Any CPU
	EndGlobalSection
	GlobalSection(SolutionProperties) = preSolution
		HideSolutionNode = FALSE
	EndGlobalSection
	GlobalSection(ExtensibilityGlobals) = postSolution
		SolutionGuid = {3F3E1153-B871-4F0F-8C64-8DDC15995407}
	EndGlobalSection
EndGlobal
